// !$*UTF8*$!
{
	archiveVersion = 1;
	classes = {
	};
	objectVersion = 50;
	objects = {

/* Begin PBXBuildFile section */
		49116CE426C59A630091CF2B /* AppDelegate.swift in Sources */ = {isa = PBXBuildFile; fileRef = 49116CE326C59A630091CF2B /* AppDelegate.swift */; };
		49116CE626C59A630091CF2B /* SceneDelegate.swift in Sources */ = {isa = PBXBuildFile; fileRef = 49116CE526C59A630091CF2B /* SceneDelegate.swift */; };
		49116CE826C59A630091CF2B /* ViewController.swift in Sources */ = {isa = PBXBuildFile; fileRef = 49116CE726C59A630091CF2B /* ViewController.swift */; };
		49116CEB26C59A630091CF2B /* Main.storyboard in Resources */ = {isa = PBXBuildFile; fileRef = 49116CE926C59A630091CF2B /* Main.storyboard */; };
		49116CED26C59A650091CF2B /* Assets.xcassets in Resources */ = {isa = PBXBuildFile; fileRef = 49116CEC26C59A650091CF2B /* Assets.xcassets */; };
		49116CF026C59A650091CF2B /* LaunchScreen.storyboard in Resources */ = {isa = PBXBuildFile; fileRef = 49116CEE26C59A650091CF2B /* LaunchScreen.storyboard */; };
		49116CFB26C59A650091CF2B /* ChessTests.swift in Sources */ = {isa = PBXBuildFile; fileRef = 49116CFA26C59A650091CF2B /* ChessTests.swift */; };
		49116D0626C59A650091CF2B /* ChessUITests.swift in Sources */ = {isa = PBXBuildFile; fileRef = 49116D0526C59A650091CF2B /* ChessUITests.swift */; };
/* End PBXBuildFile section */

/* Begin PBXContainerItemProxy section */
		49116CF726C59A650091CF2B /* PBXContainerItemProxy */ = {
			isa = PBXContainerItemProxy;
			containerPortal = 49116CD826C59A630091CF2B /* Project object */;
			proxyType = 1;
			remoteGlobalIDString = 49116CDF26C59A630091CF2B;
			remoteInfo = Chess;
		};
		49116D0226C59A650091CF2B /* PBXContainerItemProxy */ = {
			isa = PBXContainerItemProxy;
			containerPortal = 49116CD826C59A630091CF2B /* Project object */;
			proxyType = 1;
			remoteGlobalIDString = 49116CDF26C59A630091CF2B;
			remoteInfo = Chess;
		};
/* End PBXContainerItemProxy section */

/* Begin PBXFileReference section */
		49116CE026C59A630091CF2B /* Chess.app */ = {isa = PBXFileReference; explicitFileType = wrapper.application; includeInIndex = 0; path = Chess.app; sourceTree = BUILT_PRODUCTS_DIR; };
		49116CE326C59A630091CF2B /* AppDelegate.swift */ = {isa = PBXFileReference; lastKnownFileType = sourcecode.swift; path = AppDelegate.swift; sourceTree = "<group>"; };
		49116CE526C59A630091CF2B /* SceneDelegate.swift */ = {isa = PBXFileReference; lastKnownFileType = sourcecode.swift; path = SceneDelegate.swift; sourceTree = "<group>"; };
		49116CE726C59A630091CF2B /* ViewController.swift */ = {isa = PBXFileReference; lastKnownFileType = sourcecode.swift; path = ViewController.swift; sourceTree = "<group>"; };
		49116CEA26C59A630091CF2B /* Base */ = {isa = PBXFileReference; lastKnownFileType = file.storyboard; name = Base; path = Base.lproj/Main.storyboard; sourceTree = "<group>"; };
		49116CEC26C59A650091CF2B /* Assets.xcassets */ = {isa = PBXFileReference; lastKnownFileType = folder.assetcatalog; path = Assets.xcassets; sourceTree = "<group>"; };
		49116CEF26C59A650091CF2B /* Base */ = {isa = PBXFileReference; lastKnownFileType = file.storyboard; name = Base; path = Base.lproj/LaunchScreen.storyboard; sourceTree = "<group>"; };
		49116CF126C59A650091CF2B /* Info.plist */ = {isa = PBXFileReference; lastKnownFileType = text.plist.xml; path = Info.plist; sourceTree = "<group>"; };
		49116CF626C59A650091CF2B /* ChessTests.xctest */ = {isa = PBXFileReference; explicitFileType = wrapper.cfbundle; includeInIndex = 0; path = ChessTests.xctest; sourceTree = BUILT_PRODUCTS_DIR; };
		49116CFA26C59A650091CF2B /* ChessTests.swift */ = {isa = PBXFileReference; lastKnownFileType = sourcecode.swift; path = ChessTests.swift; sourceTree = "<group>"; };
		49116CFC26C59A650091CF2B /* Info.plist */ = {isa = PBXFileReference; lastKnownFileType = text.plist.xml; path = Info.plist; sourceTree = "<group>"; };
		49116D0126C59A650091CF2B /* ChessUITests.xctest */ = {isa = PBXFileReference; explicitFileType = wrapper.cfbundle; includeInIndex = 0; path = ChessUITests.xctest; sourceTree = BUILT_PRODUCTS_DIR; };
		49116D0526C59A650091CF2B /* ChessUITests.swift */ = {isa = PBXFileReference; lastKnownFileType = sourcecode.swift; path = ChessUITests.swift; sourceTree = "<group>"; };
		49116D0726C59A650091CF2B /* Info.plist */ = {isa = PBXFileReference; lastKnownFileType = text.plist.xml; path = Info.plist; sourceTree = "<group>"; };
/* End PBXFileReference section */

/* Begin PBXFrameworksBuildPhase section */
		49116CDD26C59A630091CF2B /* Frameworks */ = {
			isa = PBXFrameworksBuildPhase;
			buildActionMask = 2147483647;
			files = (
			);
			runOnlyForDeploymentPostprocessing = 0;
		};
		49116CF326C59A650091CF2B /* Frameworks */ = {
			isa = PBXFrameworksBuildPhase;
			buildActionMask = 2147483647;
			files = (
			);
			runOnlyForDeploymentPostprocessing = 0;
		};
		49116CFE26C59A650091CF2B /* Frameworks */ = {
			isa = PBXFrameworksBuildPhase;
			buildActionMask = 2147483647;
			files = (
			);
			runOnlyForDeploymentPostprocessing = 0;
		};
/* End PBXFrameworksBuildPhase section */

/* Begin PBXGroup section */
		49116CD726C59A630091CF2B = {
			isa = PBXGroup;
			children = (
				49116CE226C59A630091CF2B /* Chess */,
				49116CF926C59A650091CF2B /* ChessTests */,
				49116D0426C59A650091CF2B /* ChessUITests */,
				49116CE126C59A630091CF2B /* Products */,
			);
			sourceTree = "<group>";
		};
		49116CE126C59A630091CF2B /* Products */ = {
			isa = PBXGroup;
			children = (
				49116CE026C59A630091CF2B /* Chess.app */,
				49116CF626C59A650091CF2B /* ChessTests.xctest */,
				49116D0126C59A650091CF2B /* ChessUITests.xctest */,
			);
			name = Products;
			sourceTree = "<group>";
		};
		49116CE226C59A630091CF2B /* Chess */ = {
			isa = PBXGroup;
			children = (
				49116CE326C59A630091CF2B /* AppDelegate.swift */,
				49116CE526C59A630091CF2B /* SceneDelegate.swift */,
				49116CE726C59A630091CF2B /* ViewController.swift */,
				49116CE926C59A630091CF2B /* Main.storyboard */,
				49116CEC26C59A650091CF2B /* Assets.xcassets */,
				49116CEE26C59A650091CF2B /* LaunchScreen.storyboard */,
				49116CF126C59A650091CF2B /* Info.plist */,
			);
			path = Chess;
			sourceTree = "<group>";
		};
		49116CF926C59A650091CF2B /* ChessTests */ = {
			isa = PBXGroup;
			children = (
				49116CFA26C59A650091CF2B /* ChessTests.swift */,
				49116CFC26C59A650091CF2B /* Info.plist */,
			);
			path = ChessTests;
			sourceTree = "<group>";
		};
		49116D0426C59A650091CF2B /* ChessUITests */ = {
			isa = PBXGroup;
			children = (
				49116D0526C59A650091CF2B /* ChessUITests.swift */,
				49116D0726C59A650091CF2B /* Info.plist */,
			);
			path = ChessUITests;
			sourceTree = "<group>";
		};
/* End PBXGroup section */

/* Begin PBXNativeTarget section */
		49116CDF26C59A630091CF2B /* Chess */ = {
			isa = PBXNativeTarget;
			buildConfigurationList = 49116D0A26C59A650091CF2B /* Build configuration list for PBXNativeTarget "Chess" */;
			buildPhases = (
				49116CDC26C59A630091CF2B /* Sources */,
				49116CDD26C59A630091CF2B /* Frameworks */,
				49116CDE26C59A630091CF2B /* Resources */,
			);
			buildRules = (
			);
			dependencies = (
			);
			name = Chess;
			productName = Chess;
			productReference = 49116CE026C59A630091CF2B /* Chess.app */;
			productType = "com.apple.product-type.application";
		};
		49116CF526C59A650091CF2B /* ChessTests */ = {
			isa = PBXNativeTarget;
			buildConfigurationList = 49116D0D26C59A650091CF2B /* Build configuration list for PBXNativeTarget "ChessTests" */;
			buildPhases = (
				49116CF226C59A650091CF2B /* Sources */,
				49116CF326C59A650091CF2B /* Frameworks */,
				49116CF426C59A650091CF2B /* Resources */,
			);
			buildRules = (
			);
			dependencies = (
				49116CF826C59A650091CF2B /* PBXTargetDependency */,
			);
			name = ChessTests;
			productName = ChessTests;
			productReference = 49116CF626C59A650091CF2B /* ChessTests.xctest */;
			productType = "com.apple.product-type.bundle.unit-test";
		};
		49116D0026C59A650091CF2B /* ChessUITests */ = {
			isa = PBXNativeTarget;
			buildConfigurationList = 49116D1026C59A650091CF2B /* Build configuration list for PBXNativeTarget "ChessUITests" */;
			buildPhases = (
				49116CFD26C59A650091CF2B /* Sources */,
				49116CFE26C59A650091CF2B /* Frameworks */,
				49116CFF26C59A650091CF2B /* Resources */,
			);
			buildRules = (
			);
			dependencies = (
				49116D0326C59A650091CF2B /* PBXTargetDependency */,
			);
			name = ChessUITests;
			productName = ChessUITests;
			productReference = 49116D0126C59A650091CF2B /* ChessUITests.xctest */;
			productType = "com.apple.product-type.bundle.ui-testing";
		};
/* End PBXNativeTarget section */

/* Begin PBXProject section */
		49116CD826C59A630091CF2B /* Project object */ = {
			isa = PBXProject;
			attributes = {
				LastSwiftUpdateCheck = 1250;
				LastUpgradeCheck = 1250;
				TargetAttributes = {
					49116CDF26C59A630091CF2B = {
						CreatedOnToolsVersion = 12.5;
					};
					49116CF526C59A650091CF2B = {
						CreatedOnToolsVersion = 12.5;
						TestTargetID = 49116CDF26C59A630091CF2B;
					};
					49116D0026C59A650091CF2B = {
						CreatedOnToolsVersion = 12.5;
						TestTargetID = 49116CDF26C59A630091CF2B;
					};
				};
			};
			buildConfigurationList = 49116CDB26C59A630091CF2B /* Build configuration list for PBXProject "Chess" */;
			compatibilityVersion = "Xcode 9.3";
			developmentRegion = en;
			hasScannedForEncodings = 0;
			knownRegions = (
				en,
				Base,
			);
			mainGroup = 49116CD726C59A630091CF2B;
			productRefGroup = 49116CE126C59A630091CF2B /* Products */;
			projectDirPath = "";
			projectRoot = "";
			targets = (
				49116CDF26C59A630091CF2B /* Chess */,
				49116CF526C59A650091CF2B /* ChessTests */,
				49116D0026C59A650091CF2B /* ChessUITests */,
			);
		};
/* End PBXProject section */

/* Begin PBXResourcesBuildPhase section */
		49116CDE26C59A630091CF2B /* Resources */ = {
			isa = PBXResourcesBuildPhase;
			buildActionMask = 2147483647;
			files = (
				49116CF026C59A650091CF2B /* LaunchScreen.storyboard in Resources */,
				49116CED26C59A650091CF2B /* Assets.xcassets in Resources */,
				49116CEB26C59A630091CF2B /* Main.storyboard in Resources */,
			);
			runOnlyForDeploymentPostprocessing = 0;
		};
		49116CF426C59A650091CF2B /* Resources */ = {
			isa = PBXResourcesBuildPhase;
			buildActionMask = 2147483647;
			files = (
			);
			runOnlyForDeploymentPostprocessing = 0;
		};
		49116CFF26C59A650091CF2B /* Resources */ = {
			isa = PBXResourcesBuildPhase;
			buildActionMask = 2147483647;
			files = (
			);
			runOnlyForDeploymentPostprocessing = 0;
		};
/* End PBXResourcesBuildPhase section */

/* Begin PBXSourcesBuildPhase section */
		49116CDC26C59A630091CF2B /* Sources */ = {
			isa = PBXSourcesBuildPhase;
			buildActionMask = 2147483647;
			files = (
				49116CE826C59A630091CF2B /* ViewController.swift in Sources */,
				49116CE426C59A630091CF2B /* AppDelegate.swift in Sources */,
				49116CE626C59A630091CF2B /* SceneDelegate.swift in Sources */,
			);
			runOnlyForDeploymentPostprocessing = 0;
		};
		49116CF226C59A650091CF2B /* Sources */ = {
			isa = PBXSourcesBuildPhase;
			buildActionMask = 2147483647;
			files = (
				49116CFB26C59A650091CF2B /* ChessTests.swift in Sources */,
			);
			runOnlyForDeploymentPostprocessing = 0;
		};
		49116CFD26C59A650091CF2B /* Sources */ = {
			isa = PBXSourcesBuildPhase;
			buildActionMask = 2147483647;
			files = (
				49116D0626C59A650091CF2B /* ChessUITests.swift in Sources */,
			);
			runOnlyForDeploymentPostprocessing = 0;
		};
/* End PBXSourcesBuildPhase section */

/* Begin PBXTargetDependency section */
		49116CF826C59A650091CF2B /* PBXTargetDependency */ = {
			isa = PBXTargetDependency;
			target = 49116CDF26C59A630091CF2B /* Chess */;
			targetProxy = 49116CF726C59A650091CF2B /* PBXContainerItemProxy */;
		};
		49116D0326C59A650091CF2B /* PBXTargetDependency */ = {
			isa = PBXTargetDependency;
			target = 49116CDF26C59A630091CF2B /* Chess */;
			targetProxy = 49116D0226C59A650091CF2B /* PBXContainerItemProxy */;
		};
/* End PBXTargetDependency section */

/* Begin PBXVariantGroup section */
		49116CE926C59A630091CF2B /* Main.storyboard */ = {
			isa = PBXVariantGroup;
			children = (
				49116CEA26C59A630091CF2B /* Base */,
			);
			name = Main.storyboard;
			sourceTree = "<group>";
		};
		49116CEE26C59A650091CF2B /* LaunchScreen.storyboard */ = {
			isa = PBXVariantGroup;
			children = (
				49116CEF26C59A650091CF2B /* Base */,
			);
			name = LaunchScreen.storyboard;
			sourceTree = "<group>";
		};
/* End PBXVariantGroup section */

/* Begin XCBuildConfiguration section */
		49116D0826C59A650091CF2B /* Debug */ = {
			isa = XCBuildConfiguration;
			buildSettings = {
				ALWAYS_SEARCH_USER_PATHS = NO;
				CLANG_ANALYZER_NONNULL = YES;
				CLANG_ANALYZER_NUMBER_OBJECT_CONVERSION = YES_AGGRESSIVE;
				CLANG_CXX_LANGUAGE_STANDARD = "gnu++14";
				CLANG_CXX_LIBRARY = "libc++";
				CLANG_ENABLE_MODULES = YES;
				CLANG_ENABLE_OBJC_ARC = YES;
				CLANG_ENABLE_OBJC_WEAK = YES;
				CLANG_WARN_BLOCK_CAPTURE_AUTORELEASING = YES;
				CLANG_WARN_BOOL_CONVERSION = YES;
				CLANG_WARN_COMMA = YES;
				CLANG_WARN_CONSTANT_CONVERSION = YES;
				CLANG_WARN_DEPRECATED_OBJC_IMPLEMENTATIONS = YES;
				CLANG_WARN_DIRECT_OBJC_ISA_USAGE = YES_ERROR;
				CLANG_WARN_DOCUMENTATION_COMMENTS = YES;
				CLANG_WARN_EMPTY_BODY = YES;
				CLANG_WARN_ENUM_CONVERSION = YES;
				CLANG_WARN_INFINITE_RECURSION = YES;
				CLANG_WARN_INT_CONVERSION = YES;
				CLANG_WARN_NON_LITERAL_NULL_CONVERSION = YES;
				CLANG_WARN_OBJC_IMPLICIT_RETAIN_SELF = YES;
				CLANG_WARN_OBJC_LITERAL_CONVERSION = YES;
				CLANG_WARN_OBJC_ROOT_CLASS = YES_ERROR;
				CLANG_WARN_QUOTED_INCLUDE_IN_FRAMEWORK_HEADER = YES;
				CLANG_WARN_RANGE_LOOP_ANALYSIS = YES;
				CLANG_WARN_STRICT_PROTOTYPES = YES;
				CLANG_WARN_SUSPICIOUS_MOVE = YES;
				CLANG_WARN_UNGUARDED_AVAILABILITY = YES_AGGRESSIVE;
				CLANG_WARN_UNREACHABLE_CODE = YES;
				CLANG_WARN__DUPLICATE_METHOD_MATCH = YES;
				COPY_PHASE_STRIP = NO;
				DEBUG_INFORMATION_FORMAT = dwarf;
				ENABLE_STRICT_OBJC_MSGSEND = YES;
				ENABLE_TESTABILITY = YES;
				GCC_C_LANGUAGE_STANDARD = gnu11;
				GCC_DYNAMIC_NO_PIC = NO;
				GCC_NO_COMMON_BLOCKS = YES;
				GCC_OPTIMIZATION_LEVEL = 0;
				GCC_PREPROCESSOR_DEFINITIONS = (
					"DEBUG=1",
					"$(inherited)",
				);
				GCC_WARN_64_TO_32_BIT_CONVERSION = YES;
				GCC_WARN_ABOUT_RETURN_TYPE = YES_ERROR;
				GCC_WARN_UNDECLARED_SELECTOR = YES;
				GCC_WARN_UNINITIALIZED_AUTOS = YES_AGGRESSIVE;
				GCC_WARN_UNUSED_FUNCTION = YES;
				GCC_WARN_UNUSED_VARIABLE = YES;
				IPHONEOS_DEPLOYMENT_TARGET = 14.5;
				MTL_ENABLE_DEBUG_INFO = INCLUDE_SOURCE;
				MTL_FAST_MATH = YES;
				ONLY_ACTIVE_ARCH = YES;
				SDKROOT = iphoneos;
				SWIFT_ACTIVE_COMPILATION_CONDITIONS = DEBUG;
				SWIFT_OPTIMIZATION_LEVEL = "-Onone";
			};
			name = Debug;
		};
		49116D0926C59A650091CF2B /* Release */ = {
			isa = XCBuildConfiguration;
			buildSettings = {
				ALWAYS_SEARCH_USER_PATHS = NO;
				CLANG_ANALYZER_NONNULL = YES;
				CLANG_ANALYZER_NUMBER_OBJECT_CONVERSION = YES_AGGRESSIVE;
				CLANG_CXX_LANGUAGE_STANDARD = "gnu++14";
				CLANG_CXX_LIBRARY = "libc++";
				CLANG_ENABLE_MODULES = YES;
				CLANG_ENABLE_OBJC_ARC = YES;
				CLANG_ENABLE_OBJC_WEAK = YES;
				CLANG_WARN_BLOCK_CAPTURE_AUTORELEASING = YES;
				CLANG_WARN_BOOL_CONVERSION = YES;
				CLANG_WARN_COMMA = YES;
				CLANG_WARN_CONSTANT_CONVERSION = YES;
				CLANG_WARN_DEPRECATED_OBJC_IMPLEMENTATIONS = YES;
				CLANG_WARN_DIRECT_OBJC_ISA_USAGE = YES_ERROR;
				CLANG_WARN_DOCUMENTATION_COMMENTS = YES;
				CLANG_WARN_EMPTY_BODY = YES;
				CLANG_WARN_ENUM_CONVERSION = YES;
				CLANG_WARN_INFINITE_RECURSION = YES;
				CLANG_WARN_INT_CONVERSION = YES;
				CLANG_WARN_NON_LITERAL_NULL_CONVERSION = YES;
				CLANG_WARN_OBJC_IMPLICIT_RETAIN_SELF = YES;
				CLANG_WARN_OBJC_LITERAL_CONVERSION = YES;
				CLANG_WARN_OBJC_ROOT_CLASS = YES_ERROR;
				CLANG_WARN_QUOTED_INCLUDE_IN_FRAMEWORK_HEADER = YES;
				CLANG_WARN_RANGE_LOOP_ANALYSIS = YES;
				CLANG_WARN_STRICT_PROTOTYPES = YES;
				CLANG_WARN_SUSPICIOUS_MOVE = YES;
				CLANG_WARN_UNGUARDED_AVAILABILITY = YES_AGGRESSIVE;
				CLANG_WARN_UNREACHABLE_CODE = YES;
				CLANG_WARN__DUPLICATE_METHOD_MATCH = YES;
				COPY_PHASE_STRIP = NO;
				DEBUG_INFORMATION_FORMAT = "dwarf-with-dsym";
				ENABLE_NS_ASSERTIONS = NO;
				ENABLE_STRICT_OBJC_MSGSEND = YES;
				GCC_C_LANGUAGE_STANDARD = gnu11;
				GCC_NO_COMMON_BLOCKS = YES;
				GCC_WARN_64_TO_32_BIT_CONVERSION = YES;
				GCC_WARN_ABOUT_RETURN_TYPE = YES_ERROR;
				GCC_WARN_UNDECLARED_SELECTOR = YES;
				GCC_WARN_UNINITIALIZED_AUTOS = YES_AGGRESSIVE;
				GCC_WARN_UNUSED_FUNCTION = YES;
				GCC_WARN_UNUSED_VARIABLE = YES;
				IPHONEOS_DEPLOYMENT_TARGET = 14.5;
				MTL_ENABLE_DEBUG_INFO = NO;
				MTL_FAST_MATH = YES;
				SDKROOT = iphoneos;
				SWIFT_COMPILATION_MODE = wholemodule;
				SWIFT_OPTIMIZATION_LEVEL = "-O";
				VALIDATE_PRODUCT = YES;
			};
			name = Release;
		};
		49116D0B26C59A650091CF2B /* Debug */ = {
			isa = XCBuildConfiguration;
			buildSettings = {
				ASSETCATALOG_COMPILER_APPICON_NAME = AppIcon;
				ASSETCATALOG_COMPILER_GLOBAL_ACCENT_COLOR_NAME = AccentColor;
				CODE_SIGN_STYLE = Automatic;
				INFOPLIST_FILE = Chess/Info.plist;
				LD_RUNPATH_SEARCH_PATHS = (
					"$(inherited)",
					"@executable_path/Frameworks",
				);
				PRODUCT_BUNDLE_IDENTIFIER = app.Chess;
				PRODUCT_NAME = "$(TARGET_NAME)";
				SWIFT_VERSION = 5.0;
				TARGETED_DEVICE_FAMILY = "1,2";
			};
			name = Debug;
		};
		49116D0C26C59A650091CF2B /* Release */ = {
			isa = XCBuildConfiguration;
			buildSettings = {
				ASSETCATALOG_COMPILER_APPICON_NAME = AppIcon;
				ASSETCATALOG_COMPILER_GLOBAL_ACCENT_COLOR_NAME = AccentColor;
				CODE_SIGN_STYLE = Automatic;
				INFOPLIST_FILE = Chess/Info.plist;
				LD_RUNPATH_SEARCH_PATHS = (
					"$(inherited)",
					"@executable_path/Frameworks",
				);
				PRODUCT_BUNDLE_IDENTIFIER = app.Chess;
				PRODUCT_NAME = "$(TARGET_NAME)";
				SWIFT_VERSION = 5.0;
				TARGETED_DEVICE_FAMILY = "1,2";
			};
			name = Release;
		};
		49116D0E26C59A650091CF2B /* Debug */ = {
			isa = XCBuildConfiguration;
			buildSettings = {
				ALWAYS_EMBED_SWIFT_STANDARD_LIBRARIES = YES;
				BUNDLE_LOADER = "$(TEST_HOST)";
				CODE_SIGN_STYLE = Automatic;
				INFOPLIST_FILE = ChessTests/Info.plist;
				IPHONEOS_DEPLOYMENT_TARGET = 14.5;
				LD_RUNPATH_SEARCH_PATHS = (
					"$(inherited)",
					"@executable_path/Frameworks",
					"@loader_path/Frameworks",
				);
				PRODUCT_BUNDLE_IDENTIFIER = app.ChessTests;
				PRODUCT_NAME = "$(TARGET_NAME)";
				SWIFT_VERSION = 5.0;
				TARGETED_DEVICE_FAMILY = "1,2";
				TEST_HOST = "$(BUILT_PRODUCTS_DIR)/Chess.app/Chess";
			};
			name = Debug;
		};
		49116D0F26C59A650091CF2B /* Release */ = {
			isa = XCBuildConfiguration;
			buildSettings = {
				ALWAYS_EMBED_SWIFT_STANDARD_LIBRARIES = YES;
				BUNDLE_LOADER = "$(TEST_HOST)";
				CODE_SIGN_STYLE = Automatic;
				INFOPLIST_FILE = ChessTests/Info.plist;
				IPHONEOS_DEPLOYMENT_TARGET = 14.5;
				LD_RUNPATH_SEARCH_PATHS = (
					"$(inherited)",
					"@executable_path/Frameworks",
					"@loader_path/Frameworks",
				);
				PRODUCT_BUNDLE_IDENTIFIER = app.ChessTests;
				PRODUCT_NAME = "$(TARGET_NAME)";
				SWIFT_VERSION = 5.0;
				TARGETED_DEVICE_FAMILY = "1,2";
				TEST_HOST = "$(BUILT_PRODUCTS_DIR)/Chess.app/Chess";
			};
			name = Release;
		};
		49116D1126C59A650091CF2B /* Debug */ = {
			isa = XCBuildConfiguration;
			buildSettings = {
				ALWAYS_EMBED_SWIFT_STANDARD_LIBRARIES = YES;
				CODE_SIGN_STYLE = Automatic;
				INFOPLIST_FILE = ChessUITests/Info.plist;
				LD_RUNPATH_SEARCH_PATHS = (
					"$(inherited)",
					"@executable_path/Frameworks",
					"@loader_path/Frameworks",
				);
				PRODUCT_BUNDLE_IDENTIFIER = app.ChessUITests;
				PRODUCT_NAME = "$(TARGET_NAME)";
				SWIFT_VERSION = 5.0;
				TARGETED_DEVICE_FAMILY = "1,2";
				TEST_TARGET_NAME = Chess;
			};
			name = Debug;
		};
		49116D1226C59A650091CF2B /* Release */ = {
			isa = XCBuildConfiguration;
			buildSettings = {
				ALWAYS_EMBED_SWIFT_STANDARD_LIBRARIES = YES;
				CODE_SIGN_STYLE = Automatic;
				INFOPLIST_FILE = ChessUITests/Info.plist;
				LD_RUNPATH_SEARCH_PATHS = (
					"$(inherited)",
					"@executable_path/Frameworks",
					"@loader_path/Frameworks",
				);
				PRODUCT_BUNDLE_IDENTIFIER = app.ChessUITests;
				PRODUCT_NAME = "$(TARGET_NAME)";
				SWIFT_VERSION = 5.0;
				TARGETED_DEVICE_FAMILY = "1,2";
				TEST_TARGET_NAME = Chess;
			};
			name = Release;
		};
/* End XCBuildConfiguration section */

/* Begin XCConfigurationList section */
		49116CDB26C59A630091CF2B /* Build configuration list for PBXProject "Chess" */ = {
			isa = XCConfigurationList;
			buildConfigurations = (
				49116D0826C59A650091CF2B /* Debug */,
				49116D0926C59A650091CF2B /* Release */,
			);
			defaultConfigurationIsVisible = 0;
			defaultConfigurationName = Release;
		};
		49116D0A26C59A650091CF2B /* Build configuration list for PBXNativeTarget "Chess" */ = {
			isa = XCConfigurationList;
			buildConfigurations = (
				49116D0B26C59A650091CF2B /* Debug */,
				49116D0C26C59A650091CF2B /* Release */,
			);
			defaultConfigurationIsVisible = 0;
			defaultConfigurationName = Release;
		};
		49116D0D26C59A650091CF2B /* Build configuration list for PBXNativeTarget "ChessTests" */ = {
			isa = XCConfigurationList;
			buildConfigurations = (
				49116D0E26C59A650091CF2B /* Debug */,
				49116D0F26C59A650091CF2B /* Release */,
			);
			defaultConfigurationIsVisible = 0;
			defaultConfigurationName = Release;
		};
		49116D1026C59A650091CF2B /* Build configuration list for PBXNativeTarget "ChessUITests" */ = {
			isa = XCConfigurationList;
			buildConfigurations = (
				49116D1126C59A650091CF2B /* Debug */,
				49116D1226C59A650091CF2B /* Release */,
			);
			defaultConfigurationIsVisible = 0;
			defaultConfigurationName = Release;
		};
/* End XCConfigurationList section */
	};
	rootObject = 49116CD826C59A630091CF2B /* Project object */;
}
